#MicroXplorer Configuration settings - do not modify
Mcu.Family=STM32F1
ProjectManager.MainLocation=Core/Src
ProjectManager.ProjectFileName=lab6.ioc
ProjectManager.KeepUserCode=true
PA10.Mode=Asynchronous
Mcu.UserName=STM32F103C6Tx
Mcu.PinsNb=7
ProjectManager.NoMain=false
USART1.BaudRate=9600
RCC.PLLCLKFreq_Value=8000000
PA12.GPIOParameters=GPIO_ModeDefaultEXTI
ProjectManager.functionlistsort=1-MX_GPIO_Init-GPIO-false-HAL-true,2-SystemClock_Config-RCC-false-HAL-false,3-MX_USART1_UART_Init-USART1-false-HAL-true,4-MX_TIM2_Init-TIM2-false-HAL-true
ProjectManager.DefaultFWLocation=true
PA12.GPIO_ModeDefaultEXTI=GPIO_MODE_IT_FALLING
ProjectManager.DeletePrevious=true
USART1.IPParameters=VirtualMode,BaudRate
VP_SYS_VS_ND.Mode=No_Debug
PinOutPanel.RotationAngle=0
RCC.FamilyName=M
ProjectManager.StackSize=0x400
PA13.Signal=GPIO_Output
Mcu.IP4=USART1
Mcu.IP2=SYS
NVIC.SVCall_IRQn=true\:0\:0\:false\:false\:true\:false\:false
Mcu.IP3=TIM2
Mcu.IP0=NVIC
PA9.Mode=Asynchronous
PA12.Locked=true
Mcu.IP1=RCC
PA12.Signal=GPXTI12
Mcu.UserConstants=
ProjectManager.TargetToolchain=STM32CubeIDE
Mcu.ThirdPartyNb=0
Mcu.IPNb=5
TIM2.IPParameters=Prescaler,Period,TIM_MasterOutputTrigger
ProjectManager.PreviousToolchain=
PA9.Signal=USART1_TX
SH.GPXTI12.ConfNb=1
Mcu.Pin6=VP_TIM2_VS_ClockSourceINT
VP_TIM2_VS_ClockSourceINT.Signal=TIM2_VS_ClockSourceINT
ProjectManager.RegisterCallBack=
Mcu.Pin0=PA9
Mcu.Pin1=PA10
GPIO.groupedBy=Group By Peripherals
Mcu.Pin2=PA12
Mcu.Pin3=PA13
Mcu.Pin4=VP_SYS_VS_ND
NVIC.EXTI15_10_IRQn=true\:0\:0\:false\:true\:true\:2\:true\:true
Mcu.Pin5=VP_SYS_VS_Systick
ProjectManager.ProjectBuild=false
NVIC.UsageFault_IRQn=true\:0\:0\:false\:false\:true\:false\:false
NVIC.DebugMonitor_IRQn=true\:0\:0\:false\:false\:true\:false\:false
board=custom
NVIC.SysTick_IRQn=true\:0\:0\:false\:false\:true\:false\:true
ProjectManager.LastFirmware=true
SH.GPXTI12.0=GPIO_EXTI12
ProjectManager.FirmwarePackage=STM32Cube FW_F1 V1.8.4
MxDb.Version=DB.6.0.21
RCC.APB2Freq_Value=8000000
ProjectManager.BackupPrevious=false
MxCube.Version=6.2.1
VP_TIM2_VS_ClockSourceINT.Mode=Internal
NVIC.TIM2_IRQn=true\:0\:0\:false\:true\:true\:1\:true\:true
File.Version=6
VP_SYS_VS_Systick.Mode=SysTick
VP_SYS_VS_ND.Signal=SYS_VS_ND
NVIC.NonMaskableInt_IRQn=true\:0\:0\:false\:false\:true\:false\:false
NVIC.PendSV_IRQn=true\:0\:0\:false\:false\:true\:false\:false
TIM2.Period=1000
ProjectManager.FreePins=false
RCC.IPParameters=APB1Freq_Value,APB2Freq_Value,FamilyName,PLLCLKFreq_Value,PLLMCOFreq_Value,TimSysFreq_Value
ProjectManager.AskForMigrate=true
Mcu.Name=STM32F103C(4-6)Tx
ProjectManager.HalAssertFull=false
PA13.GPIO_Label=LED3
ProjectManager.ProjectName=lab6
ProjectManager.UnderRoot=true
PA13.GPIOParameters=GPIO_Label
RCC.PLLMCOFreq_Value=4000000
ProjectManager.CoupleFile=false
Mcu.Package=LQFP48
TIM2.Prescaler=8000
RCC.TimSysFreq_Value=8000000
NVIC.ForceEnableDMAVector=true
KeepUserPlacement=false
NVIC.MemoryManagement_IRQn=true\:0\:0\:false\:false\:true\:false\:false
PA13.Locked=true
USART1.VirtualMode=VM_ASYNC
ProjectManager.CompilerOptimize=6
ProjectManager.ToolChainLocation=
VP_SYS_VS_Systick.Signal=SYS_VS_Systick
PA10.Signal=USART1_RX
ProjectManager.HeapSize=0x200
NVIC.HardFault_IRQn=true\:0\:0\:false\:false\:true\:false\:false
ProjectManager.ComputerToolchain=false
NVIC.PriorityGroup=NVIC_PRIORITYGROUP_4
TIM2.TIM_MasterOutputTrigger=TIM_TRGO_UPDATE
NVIC.BusFault_IRQn=true\:0\:0\:false\:false\:true\:false\:false
NVIC.USART1_IRQn=true\:0\:0\:false\:false\:true\:true\:true
RCC.APB1Freq_Value=8000000
ProjectManager.CustomerFirmwarePackage=
ProjectManager.DeviceId=STM32F103C6Tx
ProjectManager.LibraryCopy=1
isbadioc=false
